
Microsoft Visual Studio Solution File, Format Version 12.00
# Visual Studio Version 17
VisualStudioVersion = 17.11.35222.181
MinimumVisualStudioVersion = 10.0.40219.1
Project("{9A19103F-16F7-4668-BE54-9A1E7A4F7556}") = "Eventing", "SRC\Core\Eventing.csproj", "{086B1E1F-7D7A-4CA3-B79F-AD822C4F09E2}"
EndProject
Project("{9A19103F-16F7-4668-BE54-9A1E7A4F7556}") = "Eventing.Abstractions", "SRC\Abstractions\Eventing.Abstractions.csproj", "{002193BD-663D-4EB9-B7F2-32DDDC512AB0}"
EndProject
Project("{9A19103F-16F7-4668-BE54-9A1E7A4F7556}") = "Eventing.Abstractions.Tests", "TEST\Abstractions\Eventing.Abstractions.Tests.csproj", "{A155587C-ED9E-478D-BF04-3D457389D147}"
EndProject
Project("{9A19103F-16F7-4668-BE54-9A1E7A4F7556}") = "Eventing.Tests", "TEST\Core\Eventing.Tests.csproj", "{097466C4-A0DF-4405-9864-3E092AE251DE}"
EndProject
Project("{9A19103F-16F7-4668-BE54-9A1E7A4F7556}") = "Eventing.DynamoDB", "SRC\DynamoDB\Eventing.DynamoDB.csproj", "{9306B90D-343E-4735-9263-E86398F00793}"
EndProject
Project("{9A19103F-16F7-4668-BE54-9A1E7A4F7556}") = "Eventing.DynamoDB.Tests", "TEST\DynamoDB\Eventing.DynamoDB.Tests.csproj", "{3B8244B5-E198-4D25-8CDB-97819211D9DE}"
EndProject
Global
	GlobalSection(SolutionConfigurationPlatforms) = preSolution
		Debug|Any CPU = Debug|Any CPU
		Release|Any CPU = Release|Any CPU
	EndGlobalSection
	GlobalSection(ProjectConfigurationPlatforms) = postSolution
		{086B1E1F-7D7A-4CA3-B79F-AD822C4F09E2}.Debug|Any CPU.ActiveCfg = Debug|Any CPU
		{086B1E1F-7D7A-4CA3-B79F-AD822C4F09E2}.Debug|Any CPU.Build.0 = Debug|Any CPU
		{086B1E1F-7D7A-4CA3-B79F-AD822C4F09E2}.Release|Any CPU.ActiveCfg = Release|Any CPU
		{086B1E1F-7D7A-4CA3-B79F-AD822C4F09E2}.Release|Any CPU.Build.0 = Release|Any CPU
		{002193BD-663D-4EB9-B7F2-32DDDC512AB0}.Debug|Any CPU.ActiveCfg = Debug|Any CPU
		{002193BD-663D-4EB9-B7F2-32DDDC512AB0}.Debug|Any CPU.Build.0 = Debug|Any CPU
		{002193BD-663D-4EB9-B7F2-32DDDC512AB0}.Release|Any CPU.ActiveCfg = Release|Any CPU
		{002193BD-663D-4EB9-B7F2-32DDDC512AB0}.Release|Any CPU.Build.0 = Release|Any CPU
		{A155587C-ED9E-478D-BF04-3D457389D147}.Debug|Any CPU.ActiveCfg = Debug|Any CPU
		{A155587C-ED9E-478D-BF04-3D457389D147}.Debug|Any CPU.Build.0 = Debug|Any CPU
		{A155587C-ED9E-478D-BF04-3D457389D147}.Release|Any CPU.ActiveCfg = Debug|Any CPU
		{A155587C-ED9E-478D-BF04-3D457389D147}.Release|Any CPU.Build.0 = Debug|Any CPU
		{097466C4-A0DF-4405-9864-3E092AE251DE}.Debug|Any CPU.ActiveCfg = Debug|Any CPU
		{097466C4-A0DF-4405-9864-3E092AE251DE}.Debug|Any CPU.Build.0 = Debug|Any CPU
		{097466C4-A0DF-4405-9864-3E092AE251DE}.Release|Any CPU.ActiveCfg = Debug|Any CPU
		{097466C4-A0DF-4405-9864-3E092AE251DE}.Release|Any CPU.Build.0 = Debug|Any CPU
		{9306B90D-343E-4735-9263-E86398F00793}.Debug|Any CPU.ActiveCfg = Debug|Any CPU
		{9306B90D-343E-4735-9263-E86398F00793}.Debug|Any CPU.Build.0 = Debug|Any CPU
		{9306B90D-343E-4735-9263-E86398F00793}.Release|Any CPU.ActiveCfg = Release|Any CPU
		{9306B90D-343E-4735-9263-E86398F00793}.Release|Any CPU.Build.0 = Release|Any CPU
		{3B8244B5-E198-4D25-8CDB-97819211D9DE}.Debug|Any CPU.ActiveCfg = Debug|Any CPU
		{3B8244B5-E198-4D25-8CDB-97819211D9DE}.Debug|Any CPU.Build.0 = Debug|Any CPU
		{3B8244B5-E198-4D25-8CDB-97819211D9DE}.Release|Any CPU.ActiveCfg = Release|Any CPU
		{3B8244B5-E198-4D25-8CDB-97819211D9DE}.Release|Any CPU.Build.0 = Release|Any CPU
	EndGlobalSection
	GlobalSection(SolutionProperties) = preSolution
		HideSolutionNode = FALSE
	EndGlobalSection
	GlobalSection(ExtensibilityGlobals) = postSolution
		SolutionGuid = {C26AD245-4B3F-4585-9E99-7598429EE177}
	EndGlobalSection
EndGlobal
